
Microsoft Visual Studio Solution File, Format Version 12.00
# Visual Studio 2012
Project("{FAE04EC0-301F-11D3-BF4B-00C04F79EFBC}") = "Test", "Test\Test.csproj", "{26787EE9-74F0-4D56-9F04-1DB691182EAD}"
EndProject
Project("{2150E333-8FDC-42A3-9474-1A3956D46DE8}") = "Solution Items", "Solution Items", "{A28E9011-8BBD-4E25-BFCE-19DA0D033C5C}"
	ProjectSection(SolutionItems) = preProject
		Test.sln = Test.sln
	EndProjectSection
EndProject
Global
	GlobalSection(SolutionConfigurationPlatforms) = preSolution
		Debug|x86 = Debug|x86
		Release|x86 = Release|x86
	EndGlobalSection
	GlobalSection(ProjectConfigurationPlatforms) = postSolution
		{26787EE9-74F0-4D56-9F04-1DB691182EAD}.Debug|x86.ActiveCfg = Debug|x86
		{26787EE9-74F0-4D56-9F04-1DB691182EAD}.Debug|x86.Build.0 = Debug|x86
		{26787EE9-74F0-4D56-9F04-1DB691182EAD}.Release|x86.ActiveCfg = Release|x86
		{26787EE9-74F0-4D56-9F04-1DB691182EAD}.Release|x86.Build.0 = Release|x86
	EndGlobalSection
EndGlobal
